// !$*UTF8*$!
{
	archiveVersion = 1;
	classes = {
	};
	objectVersion = 55;
	objects = {

/* Begin PBXBuildFile section */
		BF80EFD72768DAAF008C821B /* RobotoMono-Light.ttf in Resources */ = {isa = PBXBuildFile; fileRef = BF80EFD62768DAAF008C821B /* RobotoMono-Light.ttf */; };
		BF80EFDA2768F043008C821B /* Alamofire in Frameworks */ = {isa = PBXBuildFile; productRef = BF80EFD92768F043008C821B /* Alamofire */; };
		BFADE3D8276606D800E2602F /* utlimateToolBoxApp.swift in Sources */ = {isa = PBXBuildFile; fileRef = BFADE3D7276606D800E2602F /* utlimateToolBoxApp.swift */; };
		BFADE3DA276606D800E2602F /* ContentView.swift in Sources */ = {isa = PBXBuildFile; fileRef = BFADE3D9276606D800E2602F /* ContentView.swift */; };
		BFADE3DC276606DA00E2602F /* Assets.xcassets in Resources */ = {isa = PBXBuildFile; fileRef = BFADE3DB276606DA00E2602F /* Assets.xcassets */; };
		BFADE3DF276606DA00E2602F /* Preview Assets.xcassets in Resources */ = {isa = PBXBuildFile; fileRef = BFADE3DE276606DA00E2602F /* Preview Assets.xcassets */; };
		BFADE3E627661C9700E2602F /* CompletionsView.swift in Sources */ = {isa = PBXBuildFile; fileRef = BFADE3E527661C9700E2602F /* CompletionsView.swift */; };
		BFB22006276D9D6A00DD4CEF /* PresetsView.swift in Sources */ = {isa = PBXBuildFile; fileRef = BFB22005276D9D6A00DD4CEF /* PresetsView.swift */; };
/* End PBXBuildFile section */

/* Begin PBXFileReference section */
		BF80EFD62768DAAF008C821B /* RobotoMono-Light.ttf */ = {isa = PBXFileReference; lastKnownFileType = file; path = "RobotoMono-Light.ttf"; sourceTree = "<group>"; };
		BFADE3D4276606D800E2602F /* utlimateToolBox.app */ = {isa = PBXFileReference; explicitFileType = wrapper.application; includeInIndex = 0; path = utlimateToolBox.app; sourceTree = BUILT_PRODUCTS_DIR; };
		BFADE3D7276606D800E2602F /* utlimateToolBoxApp.swift */ = {isa = PBXFileReference; lastKnownFileType = sourcecode.swift; path = utlimateToolBoxApp.swift; sourceTree = "<group>"; };
		BFADE3D9276606D800E2602F /* ContentView.swift */ = {isa = PBXFileReference; lastKnownFileType = sourcecode.swift; path = ContentView.swift; sourceTree = "<group>"; };
		BFADE3DB276606DA00E2602F /* Assets.xcassets */ = {isa = PBXFileReference; lastKnownFileType = folder.assetcatalog; path = Assets.xcassets; sourceTree = "<group>"; };
		BFADE3DE276606DA00E2602F /* Preview Assets.xcassets */ = {isa = PBXFileReference; lastKnownFileType = folder.assetcatalog; path = "Preview Assets.xcassets"; sourceTree = "<group>"; };
		BFADE3E527661C9700E2602F /* CompletionsView.swift */ = {isa = PBXFileReference; lastKnownFileType = sourcecode.swift; path = CompletionsView.swift; sourceTree = "<group>"; };
		BFADE3FC2767287800E2602F /* Info.plist */ = {isa = PBXFileReference; lastKnownFileType = text.plist; path = Info.plist; sourceTree = "<group>"; };
		BFB22005276D9D6A00DD4CEF /* PresetsView.swift */ = {isa = PBXFileReference; lastKnownFileType = sourcecode.swift; path = PresetsView.swift; sourceTree = "<group>"; };
/* End PBXFileReference section */

/* Begin PBXFrameworksBuildPhase section */
		BFADE3D1276606D800E2602F /* Frameworks */ = {
			isa = PBXFrameworksBuildPhase;
			buildActionMask = 2147483647;
			files = (
				BF80EFDA2768F043008C821B /* Alamofire in Frameworks */,
			);
			runOnlyForDeploymentPostprocessing = 0;
		};
/* End PBXFrameworksBuildPhase section */

/* Begin PBXGroup section */
		BF80EFD52768DA91008C821B /* Resources */ = {
			isa = PBXGroup;
			children = (
				BF80EFD62768DAAF008C821B /* RobotoMono-Light.ttf */,
			);
			path = Resources;
			sourceTree = "<group>";
		};
		BFADE3CB276606D800E2602F = {
			isa = PBXGroup;
			children = (
				BFADE3D6276606D800E2602F /* utlimateToolBox */,
				BFADE3D5276606D800E2602F /* Products */,
			);
			sourceTree = "<group>";
		};
		BFADE3D5276606D800E2602F /* Products */ = {
			isa = PBXGroup;
			children = (
				BFADE3D4276606D800E2602F /* utlimateToolBox.app */,
			);
			name = Products;
			sourceTree = "<group>";
		};
		BFADE3D6276606D800E2602F /* utlimateToolBox */ = {
			isa = PBXGroup;
			children = (
				BF80EFD52768DA91008C821B /* Resources */,
				BFADE3FC2767287800E2602F /* Info.plist */,
				BFADE3D7276606D800E2602F /* utlimateToolBoxApp.swift */,
				BFADE3D9276606D800E2602F /* ContentView.swift */,
				BFADE3DB276606DA00E2602F /* Assets.xcassets */,
				BFADE3DD276606DA00E2602F /* Preview Content */,
				BFADE3EA2766348100E2602F /* OpenAI */,
			);
			path = utlimateToolBox;
			sourceTree = "<group>";
		};
		BFADE3DD276606DA00E2602F /* Preview Content */ = {
			isa = PBXGroup;
			children = (
				BFADE3DE276606DA00E2602F /* Preview Assets.xcassets */,
			);
			path = "Preview Content";
			sourceTree = "<group>";
		};
		BFADE3EA2766348100E2602F /* OpenAI */ = {
			isa = PBXGroup;
			children = (
				BFADE3E527661C9700E2602F /* CompletionsView.swift */,
				BFB22005276D9D6A00DD4CEF /* PresetsView.swift */,
			);
			path = OpenAI;
			sourceTree = "<group>";
		};
/* End PBXGroup section */

/* Begin PBXNativeTarget section */
		BFADE3D3276606D800E2602F /* utlimateToolBox */ = {
			isa = PBXNativeTarget;
			buildConfigurationList = BFADE3E2276606DA00E2602F /* Build configuration list for PBXNativeTarget "utlimateToolBox" */;
			buildPhases = (
				BFADE3D0276606D800E2602F /* Sources */,
				BFADE3D1276606D800E2602F /* Frameworks */,
				BFADE3D2276606D800E2602F /* Resources */,
			);
			buildRules = (
			);
			dependencies = (
			);
			name = utlimateToolBox;
			packageProductDependencies = (
				BF80EFD92768F043008C821B /* Alamofire */,
			);
			productName = utlimateToolBox;
			productReference = BFADE3D4276606D800E2602F /* utlimateToolBox.app */;
			productType = "com.apple.product-type.application";
		};
/* End PBXNativeTarget section */

/* Begin PBXProject section */
		BFADE3CC276606D800E2602F /* Project object */ = {
			isa = PBXProject;
			attributes = {
				BuildIndependentTargetsInParallel = 1;
				LastSwiftUpdateCheck = 1310;
				LastUpgradeCheck = 1310;
				TargetAttributes = {
					BFADE3D3276606D800E2602F = {
						CreatedOnToolsVersion = 13.1;
					};
				};
			};
			buildConfigurationList = BFADE3CF276606D800E2602F /* Build configuration list for PBXProject "utlimateToolBox" */;
			compatibilityVersion = "Xcode 13.0";
			developmentRegion = en;
			hasScannedForEncodings = 0;
			knownRegions = (
				en,
				Base,
			);
			mainGroup = BFADE3CB276606D800E2602F;
			packageReferences = (
				BF80EFD82768F043008C821B /* XCRemoteSwiftPackageReference "Alamofire" */,
			);
			productRefGroup = BFADE3D5276606D800E2602F /* Products */;
			projectDirPath = "";
			projectRoot = "";
			targets = (
				BFADE3D3276606D800E2602F /* utlimateToolBox */,
			);
		};
/* End PBXProject section */

/* Begin PBXResourcesBuildPhase section */
		BFADE3D2276606D800E2602F /* Resources */ = {
			isa = PBXResourcesBuildPhase;
			buildActionMask = 2147483647;
			files = (
				BF80EFD72768DAAF008C821B /* RobotoMono-Light.ttf in Resources */,
				BFADE3DF276606DA00E2602F /* Preview Assets.xcassets in Resources */,
				BFADE3DC276606DA00E2602F /* Assets.xcassets in Resources */,
			);
			runOnlyForDeploymentPostprocessing = 0;
		};
/* End PBXResourcesBuildPhase section */

/* Begin PBXSourcesBuildPhase section */
		BFADE3D0276606D800E2602F /* Sources */ = {
			isa = PBXSourcesBuildPhase;
			buildActionMask = 2147483647;
			files = (
				BFADE3DA276606D800E2602F /* ContentView.swift in Sources */,
				BFB22006276D9D6A00DD4CEF /* PresetsView.swift in Sources */,
				BFADE3D8276606D800E2602F /* utlimateToolBoxApp.swift in Sources */,
				BFADE3E627661C9700E2602F /* CompletionsView.swift in Sources */,
			);
			runOnlyForDeploymentPostprocessing = 0;
		};
/* End PBXSourcesBuildPhase section */

/* Begin XCBuildConfiguration section */
		BFADE3E0276606DA00E2602F /* Debug */ = {
			isa = XCBuildConfiguration;
			buildSettings = {
				ALWAYS_SEARCH_USER_PATHS = NO;
				CLANG_ANALYZER_NONNULL = YES;
				CLANG_ANALYZER_NUMBER_OBJECT_CONVERSION = YES_AGGRESSIVE;
				CLANG_CXX_LANGUAGE_STANDARD = "gnu++17";
				CLANG_CXX_LIBRARY = "libc++";
				CLANG_ENABLE_MODULES = YES;
				CLANG_ENABLE_OBJC_ARC = YES;
				CLANG_ENABLE_OBJC_WEAK = YES;
				CLANG_WARN_BLOCK_CAPTURE_AUTORELEASING = YES;
				CLANG_WARN_BOOL_CONVERSION = YES;
				CLANG_WARN_COMMA = YES;
				CLANG_WARN_CONSTANT_CONVERSION = YES;
				CLANG_WARN_DEPRECATED_OBJC_IMPLEMENTATIONS = YES;
				CLANG_WARN_DIRECT_OBJC_ISA_USAGE = YES_ERROR;
				CLANG_WARN_DOCUMENTATION_COMMENTS = YES;
				CLANG_WARN_EMPTY_BODY = YES;
				CLANG_WARN_ENUM_CONVERSION = YES;
				CLANG_WARN_INFINITE_RECURSION = YES;
				CLANG_WARN_INT_CONVERSION = YES;
				CLANG_WARN_NON_LITERAL_NULL_CONVERSION = YES;
				CLANG_WARN_OBJC_IMPLICIT_RETAIN_SELF = YES;
				CLANG_WARN_OBJC_LITERAL_CONVERSION = YES;
				CLANG_WARN_OBJC_ROOT_CLASS = YES_ERROR;
				CLANG_WARN_QUOTED_INCLUDE_IN_FRAMEWORK_HEADER = YES;
				CLANG_WARN_RANGE_LOOP_ANALYSIS = YES;
				CLANG_WARN_STRICT_PROTOTYPES = YES;
				CLANG_WARN_SUSPICIOUS_MOVE = YES;
				CLANG_WARN_UNGUARDED_AVAILABILITY = YES_AGGRESSIVE;
				CLANG_WARN_UNREACHABLE_CODE = YES;
				CLANG_WARN__DUPLICATE_METHOD_MATCH = YES;
				COPY_PHASE_STRIP = NO;
				DEBUG_INFORMATION_FORMAT = dwarf;
				ENABLE_STRICT_OBJC_MSGSEND = YES;
				ENABLE_TESTABILITY = YES;
				GCC_C_LANGUAGE_STANDARD = gnu11;
				GCC_DYNAMIC_NO_PIC = NO;
				GCC_NO_COMMON_BLOCKS = YES;
				GCC_OPTIMIZATION_LEVEL = 0;
				GCC_PREPROCESSOR_DEFINITIONS = (
					"DEBUG=1",
					"$(inherited)",
				);
				GCC_WARN_64_TO_32_BIT_CONVERSION = YES;
				GCC_WARN_ABOUT_RETURN_TYPE = YES_ERROR;
				GCC_WARN_UNDECLARED_SELECTOR = YES;
				GCC_WARN_UNINITIALIZED_AUTOS = YES_AGGRESSIVE;
				GCC_WARN_UNUSED_FUNCTION = YES;
				GCC_WARN_UNUSED_VARIABLE = YES;
				IPHONEOS_DEPLOYMENT_TARGET = 15.0;
				MTL_ENABLE_DEBUG_INFO = INCLUDE_SOURCE;
				MTL_FAST_MATH = YES;
				ONLY_ACTIVE_ARCH = YES;
				SDKROOT = iphoneos;
				SWIFT_ACTIVE_COMPILATION_CONDITIONS = DEBUG;
				SWIFT_OPTIMIZATION_LEVEL = "-Onone";
			};
			name = Debug;
		};
		BFADE3E1276606DA00E2602F /* Release */ = {
			isa = XCBuildConfiguration;
			buildSettings = {
				ALWAYS_SEARCH_USER_PATHS = NO;
				CLANG_ANALYZER_NONNULL = YES;
				CLANG_ANALYZER_NUMBER_OBJECT_CONVERSION = YES_AGGRESSIVE;
				CLANG_CXX_LANGUAGE_STANDARD = "gnu++17";
				CLANG_CXX_LIBRARY = "libc++";
				CLANG_ENABLE_MODULES = YES;
				CLANG_ENABLE_OBJC_ARC = YES;
				CLANG_ENABLE_OBJC_WEAK = YES;
				CLANG_WARN_BLOCK_CAPTURE_AUTORELEASING = YES;
				CLANG_WARN_BOOL_CONVERSION = YES;
				CLANG_WARN_COMMA = YES;
				CLANG_WARN_CONSTANT_CONVERSION = YES;
				CLANG_WARN_DEPRECATED_OBJC_IMPLEMENTATIONS = YES;
				CLANG_WARN_DIRECT_OBJC_ISA_USAGE = YES_ERROR;
				CLANG_WARN_DOCUMENTATION_COMMENTS = YES;
				CLANG_WARN_EMPTY_BODY = YES;
				CLANG_WARN_ENUM_CONVERSION = YES;
				CLANG_WARN_INFINITE_RECURSION = YES;
				CLANG_WARN_INT_CONVERSION = YES;
				CLANG_WARN_NON_LITERAL_NULL_CONVERSION = YES;
				CLANG_WARN_OBJC_IMPLICIT_RETAIN_SELF = YES;
				CLANG_WARN_OBJC_LITERAL_CONVERSION = YES;
				CLANG_WARN_OBJC_ROOT_CLASS = YES_ERROR;
				CLANG_WARN_QUOTED_INCLUDE_IN_FRAMEWORK_HEADER = YES;
				CLANG_WARN_RANGE_LOOP_ANALYSIS = YES;
				CLANG_WARN_STRICT_PROTOTYPES = YES;
				CLANG_WARN_SUSPICIOUS_MOVE = YES;
				CLANG_WARN_UNGUARDED_AVAILABILITY = YES_AGGRESSIVE;
				CLANG_WARN_UNREACHABLE_CODE = YES;
				CLANG_WARN__DUPLICATE_METHOD_MATCH = YES;
				COPY_PHASE_STRIP = NO;
				DEBUG_INFORMATION_FORMAT = "dwarf-with-dsym";
				ENABLE_NS_ASSERTIONS = NO;
				ENABLE_STRICT_OBJC_MSGSEND = YES;
				GCC_C_LANGUAGE_STANDARD = gnu11;
				GCC_NO_COMMON_BLOCKS = YES;
				GCC_WARN_64_TO_32_BIT_CONVERSION = YES;
				GCC_WARN_ABOUT_RETURN_TYPE = YES_ERROR;
				GCC_WARN_UNDECLARED_SELECTOR = YES;
				GCC_WARN_UNINITIALIZED_AUTOS = YES_AGGRESSIVE;
				GCC_WARN_UNUSED_FUNCTION = YES;
				GCC_WARN_UNUSED_VARIABLE = YES;
				IPHONEOS_DEPLOYMENT_TARGET = 15.0;
				MTL_ENABLE_DEBUG_INFO = NO;
				MTL_FAST_MATH = YES;
				SDKROOT = iphoneos;
				SWIFT_COMPILATION_MODE = wholemodule;
				SWIFT_OPTIMIZATION_LEVEL = "-O";
				VALIDATE_PRODUCT = YES;
			};
			name = Release;
		};
		BFADE3E3276606DA00E2602F /* Debug */ = {
			isa = XCBuildConfiguration;
			buildSettings = {
				ASSETCATALOG_COMPILER_APPICON_NAME = AppIcon;
				ASSETCATALOG_COMPILER_GLOBAL_ACCENT_COLOR_NAME = AccentColor;
				CODE_SIGN_STYLE = Automatic;
				CURRENT_PROJECT_VERSION = 1;
				DEVELOPMENT_ASSET_PATHS = "\"utlimateToolBox/Preview Content\"";
				DEVELOPMENT_TEAM = R5222D2L6Y;
				ENABLE_PREVIEWS = YES;
				GENERATE_INFOPLIST_FILE = YES;
				INFOPLIST_FILE = utlimateToolBox/Info.plist;
				INFOPLIST_KEY_UIApplicationSceneManifest_Generation = YES;
				INFOPLIST_KEY_UIApplicationSupportsIndirectInputEvents = YES;
				INFOPLIST_KEY_UILaunchScreen_Generation = YES;
				INFOPLIST_KEY_UISupportedInterfaceOrientations = UIInterfaceOrientationPortrait;
				INFOPLIST_KEY_UISupportedInterfaceOrientations_iPad = "UIInterfaceOrientationPortrait UIInterfaceOrientationPortraitUpsideDown UIInterfaceOrientationLandscapeLeft UIInterfaceOrientationLandscapeRight";
				INFOPLIST_KEY_UISupportedInterfaceOrientations_iPhone = "UIInterfaceOrientationPortrait UIInterfaceOrientationLandscapeLeft UIInterfaceOrientationLandscapeRight";
				LD_RUNPATH_SEARCH_PATHS = (
					"$(inherited)",
					"@executable_path/Frameworks",
				);
				MARKETING_VERSION = 1.0;
				PRODUCT_BUNDLE_IDENTIFIER = com.louislab.utlimateToolBox;
				PRODUCT_NAME = "$(TARGET_NAME)";
				SWIFT_EMIT_LOC_STRINGS = YES;
				SWIFT_VERSION = 5.0;
				TARGETED_DEVICE_FAMILY = 1;
			};
			name = Debug;
		};
		BFADE3E4276606DA00E2602F /* Release */ = {
			isa = XCBuildConfiguration;
			buildSettings = {
				ASSETCATALOG_COMPILER_APPICON_NAME = AppIcon;
				ASSETCATALOG_COMPILER_GLOBAL_ACCENT_COLOR_NAME = AccentColor;
				CODE_SIGN_STYLE = Automatic;
				CURRENT_PROJECT_VERSION = 1;
				DEVELOPMENT_ASSET_PATHS = "\"utlimateToolBox/Preview Content\"";
				DEVELOPMENT_TEAM = R5222D2L6Y;
				ENABLE_PREVIEWS = YES;
				GENERATE_INFOPLIST_FILE = YES;
				INFOPLIST_FILE = utlimateToolBox/Info.plist;
				INFOPLIST_KEY_UIApplicationSceneManifest_Generation = YES;
				INFOPLIST_KEY_UIApplicationSupportsIndirectInputEvents = YES;
				INFOPLIST_KEY_UILaunchScreen_Generation = YES;
				INFOPLIST_KEY_UISupportedInterfaceOrientations = UIInterfaceOrientationPortrait;
				INFOPLIST_KEY_UISupportedInterfaceOrientations_iPad = "UIInterfaceOrientationPortrait UIInterfaceOrientationPortraitUpsideDown UIInterfaceOrientationLandscapeLeft UIInterfaceOrientationLandscapeRight";
				INFOPLIST_KEY_UISupportedInterfaceOrientations_iPhone = "UIInterfaceOrientationPortrait UIInterfaceOrientationLandscapeLeft UIInterfaceOrientationLandscapeRight";
				LD_RUNPATH_SEARCH_PATHS = (
					"$(inherited)",
					"@executable_path/Frameworks",
				);
				MARKETING_VERSION = 1.0;
				PRODUCT_BUNDLE_IDENTIFIER = com.louislab.utlimateToolBox;
				PRODUCT_NAME = "$(TARGET_NAME)";
				SWIFT_EMIT_LOC_STRINGS = YES;
				SWIFT_VERSION = 5.0;
				TARGETED_DEVICE_FAMILY = 1;
			};
			name = Release;
		};
/* End XCBuildConfiguration section */

/* Begin XCConfigurationList section */
		BFADE3CF276606D800E2602F /* Build configuration list for PBXProject "utlimateToolBox" */ = {
			isa = XCConfigurationList;
			buildConfigurations = (
				BFADE3E0276606DA00E2602F /* Debug */,
				BFADE3E1276606DA00E2602F /* Release */,
			);
			defaultConfigurationIsVisible = 0;
			defaultConfigurationName = Release;
		};
		BFADE3E2276606DA00E2602F /* Build configuration list for PBXNativeTarget "utlimateToolBox" */ = {
			isa = XCConfigurationList;
			buildConfigurations = (
				BFADE3E3276606DA00E2602F /* Debug */,
				BFADE3E4276606DA00E2602F /* Release */,
			);
			defaultConfigurationIsVisible = 0;
			defaultConfigurationName = Release;
		};
/* End XCConfigurationList section */

/* Begin XCRemoteSwiftPackageReference section */
		BF80EFD82768F043008C821B /* XCRemoteSwiftPackageReference "Alamofire" */ = {
			isa = XCRemoteSwiftPackageReference;
			repositoryURL = "https://github.com/Alamofire/Alamofire";
			requirement = {
				kind = upToNextMajorVersion;
				minimumVersion = 5.0.0;
			};
		};
/* End XCRemoteSwiftPackageReference section */

/* Begin XCSwiftPackageProductDependency section */
		BF80EFD92768F043008C821B /* Alamofire */ = {
			isa = XCSwiftPackageProductDependency;
			package = BF80EFD82768F043008C821B /* XCRemoteSwiftPackageReference "Alamofire" */;
			productName = Alamofire;
		};
/* End XCSwiftPackageProductDependency section */
	};
	rootObject = BFADE3CC276606D800E2602F /* Project object */;
}
